<?xml version="1.0" encoding="utf-8"?>
<Project ToolsVersion="4.0" xmlns="http://schemas.microsoft.com/developer/msbuild/2003">
  <ItemGroup>
    <ClCompile Include="src\main.cpp" />
    <ClCompile Include="..\..\..\addons\ofxKinect\libs\libfreenect\src\cameras.c">
      <Filter>Addons</Filter>
    </ClCompile>
    <ClCompile Include="..\..\..\addons\ofxKinect\libs\libfreenect\src\core.c">
      <Filter>Addons</Filter>
    </ClCompile>
    <ClCompile Include="..\..\..\addons\ofxKinect\libs\libfreenect\platform\windows\libusb10emu\libusb-1.0\failguard.cpp">
      <Filter>Addons</Filter>
    </ClCompile>
    <ClCompile Include="..\..\..\addons\ofxKinect\libs\libfreenect\platform\windows\libusb10emu\libusb-1.0\libusbemu.cpp">
      <Filter>Addons</Filter>
    </ClCompile>
    <ClCompile Include="..\..\..\addons\ofxOpenCv\src\ofxCvColorImage.cpp">
      <Filter>Addons</Filter>
    </ClCompile>
    <ClCompile Include="..\..\..\addons\ofxOpenCv\src\ofxCvContourFinder.cpp">
      <Filter>Addons</Filter>
    </ClCompile>
    <ClCompile Include="..\..\..\addons\ofxOpenCv\src\ofxCvFloatImage.cpp">
      <Filter>Addons</Filter>
    </ClCompile>
    <ClCompile Include="..\..\..\addons\ofxOpenCv\src\ofxCvGrayscaleImage.cpp">
      <Filter>Addons</Filter>
    </ClCompile>
    <ClCompile Include="..\..\..\addons\ofxOpenCv\src\ofxCvHaarFinder.cpp">
      <Filter>Addons</Filter>
    </ClCompile>
    <ClCompile Include="..\..\..\addons\ofxOpenCv\src\ofxCvImage.cpp">
      <Filter>Addons</Filter>
    </ClCompile>
    <ClCompile Include="..\..\..\addons\ofxOpenCv\src\ofxCvShortImage.cpp">
      <Filter>Addons</Filter>
    </ClCompile>
    <ClCompile Include="..\..\..\addons\ofxKinect\src\ofxKinect.cpp">
      <Filter>Addons</Filter>
    </ClCompile>
    <ClCompile Include="..\..\..\addons\ofxKinect\libs\libfreenect\src\registration.c">
      <Filter>Addons</Filter>
    </ClCompile>
    <ClCompile Include="..\..\..\addons\ofxKinect\libs\libfreenect\src\tilt.c">
      <Filter>Addons</Filter>
    </ClCompile>
    <ClCompile Include="..\..\..\addons\ofxKinect\libs\libfreenect\src\usb_libusb10.c">
      <Filter>Addons</Filter>
    </ClCompile>
    <ClCompile Include="src\ReactiveSpaceApp.cpp" />
  </ItemGroup>
  <ItemGroup>
    <ClInclude Include="..\..\..\addons\ofxOpenCv\libs\opencv\include\opencv2\flann\all_indices.h">
      <Filter>Addons</Filter>
    </ClInclude>
    <ClInclude Include="..\..\..\addons\ofxOpenCv\libs\opencv\include\opencv2\flann\allocator.h">
      <Filter>Addons</Filter>
    </ClInclude>
    <ClInclude Include="..\..\..\addons\ofxOpenCv\libs\opencv\include\opencv2\flann\any.h">
      <Filter>Addons</Filter>
    </ClInclude>
    <ClInclude Include="..\..\..\addons\ofxOpenCv\libs\opencv\include\opencv2\flann\autotuned_index.h">
      <Filter>Addons</Filter>
    </ClInclude>
    <ClInclude Include="..\..\..\addons\ofxOpenCv\libs\opencv\include\opencv2\video\background_segm.hpp">
      <Filter>Addons</Filter>
    </ClInclude>
    <ClInclude Include="..\..\..\addons\ofxOpenCv\libs\opencv\include\opencv2\legacy\blobtrack.hpp">
      <Filter>Addons</Filter>
    </ClInclude>
    <ClInclude Include="..\..\..\addons\ofxOpenCv\libs\opencv\include\opencv2\calib3d\calib3d.hpp">
      <Filter>Addons</Filter>
    </ClInclude>
    <ClInclude Include="..\..\..\addons\ofxKinect\libs\libfreenect\src\cameras.h">
      <Filter>Addons</Filter>
    </ClInclude>
    <ClInclude Include="..\..\..\addons\ofxOpenCv\libs\opencv\include\opencv2\legacy\compat.hpp">
      <Filter>Addons</Filter>
    </ClInclude>
    <ClInclude Include="..\..\..\addons\ofxOpenCv\libs\opencv\include\opencv2\flann\composite_index.h">
      <Filter>Addons</Filter>
    </ClInclude>
    <ClInclude Include="..\..\..\addons\ofxOpenCv\libs\opencv\include\opencv2\flann\config.h">
      <Filter>Addons</Filter>
    </ClInclude>
    <ClInclude Include="..\..\..\addons\ofxOpenCv\libs\opencv\include\opencv2\contrib\contrib.hpp">
      <Filter>Addons</Filter>
    </ClInclude>
    <ClInclude Include="..\..\..\addons\ofxOpenCv\libs\opencv\include\opencv2\core\core.hpp">
      <Filter>Addons</Filter>
    </ClInclude>
    <ClInclude Include="..\..\..\addons\ofxOpenCv\libs\opencv\include\opencv2\core\core_c.h">
      <Filter>Addons</Filter>
    </ClInclude>
    <ClInclude Include="..\..\..\addons\ofxOpenCv\libs\opencv\include\opencv\cv.h">
      <Filter>Addons</Filter>
    </ClInclude>
    <ClInclude Include="..\..\..\addons\ofxOpenCv\libs\opencv\include\opencv\cv.hpp">
      <Filter>Addons</Filter>
    </ClInclude>
    <ClInclude Include="..\..\..\addons\ofxOpenCv\libs\opencv\include\opencv\cvaux.h">
      <Filter>Addons</Filter>
    </ClInclude>
    <ClInclude Include="..\..\..\addons\ofxOpenCv\libs\opencv\include\opencv\cvaux.hpp">
      <Filter>Addons</Filter>
    </ClInclude>
    <ClInclude Include="..\..\..\addons\ofxOpenCv\libs\opencv\include\opencv\cvwimage.h">
      <Filter>Addons</Filter>
    </ClInclude>
    <ClInclude Include="..\..\..\addons\ofxOpenCv\libs\opencv\include\opencv\cxcore.h">
      <Filter>Addons</Filter>
    </ClInclude>
    <ClInclude Include="..\..\..\addons\ofxOpenCv\libs\opencv\include\opencv\cxcore.hpp">
      <Filter>Addons</Filter>
    </ClInclude>
    <ClInclude Include="..\..\..\addons\ofxOpenCv\libs\opencv\include\opencv\cxeigen.hpp">
      <Filter>Addons</Filter>
    </ClInclude>
    <ClInclude Include="..\..\..\addons\ofxOpenCv\libs\opencv\include\opencv\cxmisc.h">
      <Filter>Addons</Filter>
    </ClInclude>
    <ClInclude Include="..\..\..\addons\ofxOpenCv\libs\opencv\include\opencv2\flann\defines.h">
      <Filter>Addons</Filter>
    </ClInclude>
    <ClInclude Include="..\..\..\addons\ofxOpenCv\libs\opencv\include\opencv2\gpu\devmem2d.hpp">
      <Filter>Addons</Filter>
    </ClInclude>
    <ClInclude Include="..\..\..\addons\ofxOpenCv\libs\opencv\include\opencv2\flann\dist.h">
      <Filter>Addons</Filter>
    </ClInclude>
    <ClInclude Include="..\..\..\addons\ofxOpenCv\libs\opencv\include\opencv2\flann\dummy.h">
      <Filter>Addons</Filter>
    </ClInclude>
    <ClInclude Include="..\..\..\addons\ofxOpenCv\libs\opencv\include\opencv2\flann\dynamic_bitset.h">
      <Filter>Addons</Filter>
    </ClInclude>
    <ClInclude Include="..\..\..\addons\ofxOpenCv\libs\opencv\include\opencv2\core\eigen.hpp">
      <Filter>Addons</Filter>
    </ClInclude>
    <ClInclude Include="..\..\..\addons\ofxKinect\libs\libfreenect\platform\windows\libusb10emu\libusb-1.0\failguard.h">
      <Filter>Addons</Filter>
    </ClInclude>
    <ClInclude Include="..\..\..\addons\ofxOpenCv\libs\opencv\include\opencv2\features2d\features2d.hpp">
      <Filter>Addons</Filter>
    </ClInclude>
    <ClInclude Include="..\..\..\addons\ofxOpenCv\libs\opencv\include\opencv2\flann\flann.hpp">
      <Filter>Addons</Filter>
    </ClInclude>
    <ClInclude Include="..\..\..\addons\ofxOpenCv\libs\opencv\include\opencv2\flann\flann_base.hpp">
      <Filter>Addons</Filter>
    </ClInclude>
    <ClInclude Include="..\..\..\addons\ofxKinect\libs\libfreenect\src\freenect_internal.h">
      <Filter>Addons</Filter>
    </ClInclude>
    <ClInclude Include="..\..\..\addons\ofxOpenCv\libs\opencv\include\opencv2\flann\general.h">
      <Filter>Addons</Filter>
    </ClInclude>
    <ClInclude Include="..\..\..\addons\ofxOpenCv\libs\opencv\include\opencv2\gpu\gpu.hpp">
      <Filter>Addons</Filter>
    </ClInclude>
    <ClInclude Include="..\..\..\addons\ofxOpenCv\libs\opencv\include\opencv2\gpu\gpumat.hpp">
      <Filter>Addons</Filter>
    </ClInclude>
    <ClInclude Include="..\..\..\addons\ofxOpenCv\libs\opencv\include\opencv2\flann\ground_truth.h">
      <Filter>Addons</Filter>
    </ClInclude>
    <ClInclude Include="..\..\..\addons\ofxOpenCv\libs\opencv\include\opencv2\flann\hdf5.h">
      <Filter>Addons</Filter>
    </ClInclude>
    <ClInclude Include="..\..\..\addons\ofxOpenCv\libs\opencv\include\opencv2\flann\heap.h">
      <Filter>Addons</Filter>
    </ClInclude>
    <ClInclude Include="..\..\..\addons\ofxOpenCv\libs\opencv\include\opencv2\flann\hierarchical_clustering_index.h">
      <Filter>Addons</Filter>
    </ClInclude>
    <ClInclude Include="..\..\..\addons\ofxOpenCv\libs\opencv\include\opencv\highgui.h">
      <Filter>Addons</Filter>
    </ClInclude>
    <ClInclude Include="..\..\..\addons\ofxOpenCv\libs\opencv\include\opencv2\highgui\highgui.hpp">
      <Filter>Addons</Filter>
    </ClInclude>
    <ClInclude Include="..\..\..\addons\ofxOpenCv\libs\opencv\include\opencv2\highgui\highgui_c.h">
      <Filter>Addons</Filter>
    </ClInclude>
    <ClInclude Include="..\..\..\addons\ofxOpenCv\libs\opencv\include\opencv2\imgproc\imgproc.hpp">
      <Filter>Addons</Filter>
    </ClInclude>
    <ClInclude Include="..\..\..\addons\ofxOpenCv\libs\opencv\include\opencv2\imgproc\imgproc_c.h">
      <Filter>Addons</Filter>
    </ClInclude>
    <ClInclude Include="..\..\..\addons\ofxOpenCv\libs\opencv\include\opencv2\flann\index_testing.h">
      <Filter>Addons</Filter>
    </ClInclude>
    <ClInclude Include="..\..\..\addons\ofxOpenCv\libs\opencv\include\opencv2\core\internal.hpp">
      <Filter>Addons</Filter>
    </ClInclude>
    <ClInclude Include="..\..\..\addons\ofxOpenCv\libs\opencv\include\opencv2\flann\kdtree_index.h">
      <Filter>Addons</Filter>
    </ClInclude>
    <ClInclude Include="..\..\..\addons\ofxOpenCv\libs\opencv\include\opencv2\flann\kdtree_single_index.h">
      <Filter>Addons</Filter>
    </ClInclude>
    <ClInclude Include="..\..\..\addons\ofxOpenCv\libs\opencv\include\opencv2\flann\kmeans_index.h">
      <Filter>Addons</Filter>
    </ClInclude>
    <ClInclude Include="..\..\..\addons\ofxOpenCv\libs\opencv\include\opencv2\legacy\legacy.hpp">
      <Filter>Addons</Filter>
    </ClInclude>
    <ClInclude Include="..\..\..\addons\ofxKinect\libs\libfreenect\include\libfreenect.h">
      <Filter>Addons</Filter>
    </ClInclude>
    <ClInclude Include="..\..\..\addons\ofxKinect\libs\libfreenect\include\libfreenect-registration.h">
      <Filter>Addons</Filter>
    </ClInclude>
    <ClInclude Include="..\..\..\addons\ofxKinect\libs\libfreenect\platform\windows\libusb10emu\libusb-1.0\libusb.h">
      <Filter>Addons</Filter>
    </ClInclude>
    <ClInclude Include="..\..\..\addons\ofxKinect\libs\libusb-1.0\include\libusb-1.0\libusb.h">
      <Filter>Addons</Filter>
    </ClInclude>
    <ClInclude Include="..\..\..\addons\ofxKinect\libs\libfreenect\platform\windows\libusb10emu\libusb-1.0\libusbemu_internal.h">
      <Filter>Addons</Filter>
    </ClInclude>
    <ClInclude Include="..\..\..\addons\ofxKinect\libs\libfreenect\platform\windows\libusb10emu\libusb-1.0\libusbemu_threads.h">
      <Filter>Addons</Filter>
    </ClInclude>
    <ClInclude Include="..\..\..\addons\ofxKinect\libs\libfreenect\platform\windows\libusb10emu\libusb-1.0\libusbemu_threads_win32.h">
      <Filter>Addons</Filter>
    </ClInclude>
    <ClInclude Include="..\..\..\addons\ofxOpenCv\libs\opencv\include\opencv2\flann\linear_index.h">
      <Filter>Addons</Filter>
    </ClInclude>
    <ClInclude Include="..\..\..\addons\ofxKinect\libs\libfreenect\src\loader.h">
      <Filter>Addons</Filter>
    </ClInclude>
    <ClInclude Include="..\..\..\addons\ofxOpenCv\libs\opencv\include\opencv2\flann\logger.h">
      <Filter>Addons</Filter>
    </ClInclude>
    <ClInclude Include="..\..\..\addons\ofxOpenCv\libs\opencv\include\opencv2\flann\lsh_index.h">
      <Filter>Addons</Filter>
    </ClInclude>
    <ClInclude Include="..\..\..\addons\ofxOpenCv\libs\opencv\include\opencv2\flann\lsh_table.h">
      <Filter>Addons</Filter>
    </ClInclude>
    <ClInclude Include="..\..\..\addons\ofxKinect\libs\libusb-win32\include\lusb0_usb.h">
      <Filter>Addons</Filter>
    </ClInclude>
    <ClInclude Include="..\..\..\addons\ofxOpenCv\libs\opencv\include\opencv2\core\mat.hpp">
      <Filter>Addons</Filter>
    </ClInclude>
    <ClInclude Include="..\..\..\addons\ofxOpenCv\libs\opencv\include\opencv2\flann\matrix.h">
      <Filter>Addons</Filter>
    </ClInclude>
    <ClInclude Include="..\..\..\addons\ofxOpenCv\libs\opencv\include\opencv2\gpu\matrix_operations.hpp">
      <Filter>Addons</Filter>
    </ClInclude>
    <ClInclude Include="..\..\..\addons\ofxOpenCv\libs\opencv\include\opencv2\flann\miniflann.hpp">
      <Filter>Addons</Filter>
    </ClInclude>
    <ClInclude Include="..\..\..\addons\ofxOpenCv\libs\opencv\include\opencv\ml.h">
      <Filter>Addons</Filter>
    </ClInclude>
    <ClInclude Include="..\..\..\addons\ofxOpenCv\libs\opencv\include\opencv2\ml\ml.hpp">
      <Filter>Addons</Filter>
    </ClInclude>
    <ClInclude Include="..\..\..\addons\ofxOpenCv\libs\opencv\include\opencv2\flann\nn_index.h">
      <Filter>Addons</Filter>
    </ClInclude>
    <ClInclude Include="..\..\..\addons\ofxOpenCv\libs\opencv\include\opencv2\objdetect\objdetect.hpp">
      <Filter>Addons</Filter>
    </ClInclude>
    <ClInclude Include="..\..\..\addons\ofxOpenCv\libs\opencv\include\opencv2\flann\object_factory.h">
      <Filter>Addons</Filter>
    </ClInclude>
    <ClInclude Include="..\..\..\addons\ofxKinect\src\ofxBase3DVideo.h">
      <Filter>Addons</Filter>
    </ClInclude>
    <ClInclude Include="..\..\..\addons\ofxOpenCv\src\ofxCvBlob.h">
      <Filter>Addons</Filter>
    </ClInclude>
    <ClInclude Include="..\..\..\addons\ofxOpenCv\src\ofxCvColorImage.h">
      <Filter>Addons</Filter>
    </ClInclude>
    <ClInclude Include="..\..\..\addons\ofxOpenCv\src\ofxCvConstants.h">
      <Filter>Addons</Filter>
    </ClInclude>
    <ClInclude Include="..\..\..\addons\ofxOpenCv\src\ofxCvContourFinder.h">
      <Filter>Addons</Filter>
    </ClInclude>
    <ClInclude Include="..\..\..\addons\ofxOpenCv\src\ofxCvFloatImage.h">
      <Filter>Addons</Filter>
    </ClInclude>
    <ClInclude Include="..\..\..\addons\ofxOpenCv\src\ofxCvGrayscaleImage.h">
      <Filter>Addons</Filter>
    </ClInclude>
    <ClInclude Include="..\..\..\addons\ofxOpenCv\src\ofxCvHaarFinder.h">
      <Filter>Addons</Filter>
    </ClInclude>
    <ClInclude Include="..\..\..\addons\ofxOpenCv\src\ofxCvImage.h">
      <Filter>Addons</Filter>
    </ClInclude>
    <ClInclude Include="..\..\..\addons\ofxOpenCv\src\ofxCvMain.h">
      <Filter>Addons</Filter>
    </ClInclude>
    <ClInclude Include="..\..\..\addons\ofxOpenCv\src\ofxCvShortImage.h">
      <Filter>Addons</Filter>
    </ClInclude>
    <ClInclude Include="..\..\..\addons\ofxKinect\src\ofxKinect.h">
      <Filter>Addons</Filter>
    </ClInclude>
    <ClInclude Include="..\..\..\addons\ofxOpenCv\src\ofxOpenCv.h">
      <Filter>Addons</Filter>
    </ClInclude>
    <ClInclude Include="..\..\..\addons\ofxOpenCv\libs\opencv\include\opencv2\opencv.hpp">
      <Filter>Addons</Filter>
    </ClInclude>
    <ClInclude Include="..\..\..\addons\ofxOpenCv\libs\opencv\include\opencv2\core\operations.hpp">
      <Filter>Addons</Filter>
    </ClInclude>
    <ClInclude Include="..\..\..\addons\ofxOpenCv\libs\opencv\include\opencv2\flann\params.h">
      <Filter>Addons</Filter>
    </ClInclude>
    <ClInclude Include="..\..\..\addons\ofxOpenCv\libs\opencv\include\opencv2\flann\random.h">
      <Filter>Addons</Filter>
    </ClInclude>
    <ClInclude Include="..\..\..\addons\ofxKinect\libs\libfreenect\src\registration.h">
      <Filter>Addons</Filter>
    </ClInclude>
    <ClInclude Include="..\..\..\addons\ofxOpenCv\libs\opencv\include\opencv2\flann\result_set.h">
      <Filter>Addons</Filter>
    </ClInclude>
    <ClInclude Include="..\..\..\addons\ofxOpenCv\libs\opencv\include\opencv2\contrib\retina.hpp">
      <Filter>Addons</Filter>
    </ClInclude>
    <ClInclude Include="..\..\..\addons\ofxOpenCv\libs\opencv\include\opencv2\flann\sampling.h">
      <Filter>Addons</Filter>
    </ClInclude>
    <ClInclude Include="..\..\..\addons\ofxOpenCv\libs\opencv\include\opencv2\flann\saving.h">
      <Filter>Addons</Filter>
    </ClInclude>
    <ClInclude Include="..\..\..\addons\ofxOpenCv\libs\opencv\include\opencv2\flann\simplex_downhill.h">
      <Filter>Addons</Filter>
    </ClInclude>
    <ClInclude Include="..\..\..\addons\ofxKinect\libs\libfreenect\platform\windows\stdbool.h">
      <Filter>Addons</Filter>
    </ClInclude>
    <ClInclude Include="..\..\..\addons\ofxOpenCv\libs\opencv\include\opencv2\gpu\stream_accessor.hpp">
      <Filter>Addons</Filter>
    </ClInclude>
    <ClInclude Include="..\..\..\addons\ofxOpenCv\libs\opencv\include\opencv2\legacy\streams.hpp">
      <Filter>Addons</Filter>
    </ClInclude>
    <ClInclude Include="..\..\..\addons\ofxOpenCv\libs\opencv\include\opencv2\flann\timer.h">
      <Filter>Addons</Filter>
    </ClInclude>
    <ClInclude Include="..\..\..\addons\ofxOpenCv\libs\opencv\include\opencv2\video\tracking.hpp">
      <Filter>Addons</Filter>
    </ClInclude>
    <ClInclude Include="..\..\..\addons\ofxOpenCv\libs\opencv\include\opencv2\ts\ts.hpp">
      <Filter>Addons</Filter>
    </ClInclude>
    <ClInclude Include="..\..\..\addons\ofxOpenCv\libs\opencv\include\opencv2\ts\ts_gtest.h">
      <Filter>Addons</Filter>
    </ClInclude>
    <ClInclude Include="..\..\..\addons\ofxOpenCv\libs\opencv\include\opencv2\core\types_c.h">
      <Filter>Addons</Filter>
    </ClInclude>
    <ClInclude Include="..\..\..\addons\ofxOpenCv\libs\opencv\include\opencv2\imgproc\types_c.h">
      <Filter>Addons</Filter>
    </ClInclude>
    <ClInclude Include="..\..\..\addons\ofxKinect\libs\libfreenect\platform\windows\unistd.h">
      <Filter>Addons</Filter>
    </ClInclude>
    <ClInclude Include="..\..\..\addons\ofxKinect\libs\libfreenect\src\usb_libusb10.h">
      <Filter>Addons</Filter>
    </ClInclude>
    <ClInclude Include="..\..\..\addons\ofxOpenCv\libs\opencv\include\opencv2\core\version.hpp">
      <Filter>Addons</Filter>
    </ClInclude>
    <ClInclude Include="..\..\..\addons\ofxOpenCv\libs\opencv\include\opencv2\video\video.hpp">
      <Filter>Addons</Filter>
    </ClInclude>
    <ClInclude Include="..\..\..\addons\ofxOpenCv\libs\opencv\include\opencv2\core\wimage.hpp">
      <Filter>Addons</Filter>
    </ClInclude>
    <ClInclude Include="src\ReactiveSpaceApp.h" />
  </ItemGroup>
  <ItemGroup>
    <Filter Include="Addons">
      <UniqueIdentifier>{0b54648a-1bb0-480f-93de-6dcdb43dd929}</UniqueIdentifier>
    </Filter>
  </ItemGroup>
  <ItemGroup>
    <ResourceCompile Include="icon.rc">
      <Filter>Addons</Filter>
    </ResourceCompile>
  </ItemGroup>
</Project>