<?xml version="1.0" encoding="utf-8"?>
<Project ToolsVersion="4.0" xmlns="http://schemas.microsoft.com/developer/msbuild/2003">
  <ItemGroup>
    <ClCompile Include="lightHands.cpp" />
    <ClCompile Include="src\BirdParticle.cpp" />
    <ClCompile Include="src\GeoHands.cpp" />
    <ClCompile Include="src\GeoParticle.cpp" />
    <ClCompile Include="src\GeoScene.cpp" />
    <ClCompile Include="src\GridScene.cpp" />
    <ClCompile Include="src\HexagonParticle.cpp" />
    <ClCompile Include="src\IScene.cpp" />
    <ClCompile Include="src\KinectManager.cpp" />
    <ClCompile Include="src\Light.cpp" />
    <ClCompile Include="src\LightScene.cpp" />
    <ClCompile Include="src\main.cpp" />
    <ClCompile Include="..\..\..\addons\ofxOpenCv\src\ofxCvColorImage.cpp" />
    <ClCompile Include="..\..\..\addons\ofxOpenCv\src\ofxCvContourFinder.cpp" />
    <ClCompile Include="..\..\..\addons\ofxOpenCv\src\ofxCvFloatImage.cpp" />
    <ClCompile Include="..\..\..\addons\ofxOpenCv\src\ofxCvGrayscaleImage.cpp" />
    <ClCompile Include="..\..\..\addons\ofxOpenCv\src\ofxCvHaarFinder.cpp" />
    <ClCompile Include="..\..\..\addons\ofxOpenCv\src\ofxCvImage.cpp" />
    <ClCompile Include="..\..\..\addons\ofxOpenCv\src\ofxCvShortImage.cpp" />
    <ClCompile Include="src\OpenCVManager.cpp" />
    <ClCompile Include="src\Particle.cpp" />
    <ClCompile Include="src\RainScene.cpp" />
    <ClCompile Include="src\ReactiveSpaceApp.cpp" />
    <ClCompile Include="src\RainCloudParticle.cpp" />
  </ItemGroup>
  <ItemGroup>
    <ClInclude Include="..\..\..\addons\ofxOpenCv\src\ofxCvBlob.h" />
    <ClInclude Include="..\..\..\addons\ofxOpenCv\src\ofxCvColorImage.h" />
    <ClInclude Include="..\..\..\addons\ofxOpenCv\src\ofxCvConstants.h" />
    <ClInclude Include="..\..\..\addons\ofxOpenCv\src\ofxCvContourFinder.h" />
    <ClInclude Include="..\..\..\addons\ofxOpenCv\src\ofxCvFloatImage.h" />
    <ClInclude Include="..\..\..\addons\ofxOpenCv\src\ofxCvGrayscaleImage.h" />
    <ClInclude Include="..\..\..\addons\ofxOpenCv\src\ofxCvHaarFinder.h" />
    <ClInclude Include="..\..\..\addons\ofxOpenCv\src\ofxCvImage.h" />
    <ClInclude Include="..\..\..\addons\ofxOpenCv\src\ofxCvMain.h" />
    <ClInclude Include="..\..\..\addons\ofxOpenCv\src\ofxCvShortImage.h" />
    <ClInclude Include="..\..\..\addons\ofxOpenCv\src\ofxOpenCv.h" />
    <ClInclude Include="..\..\..\addons\ofxOpenCv\libs\opencv\include\opencv\cv.h" />
    <ClInclude Include="..\..\..\addons\ofxOpenCv\libs\opencv\include\opencv\cv.hpp" />
    <ClInclude Include="..\..\..\addons\ofxOpenCv\libs\opencv\include\opencv\cvaux.h" />
    <ClInclude Include="..\..\..\addons\ofxOpenCv\libs\opencv\include\opencv\cvaux.hpp" />
    <ClInclude Include="..\..\..\addons\ofxOpenCv\libs\opencv\include\opencv\cvwimage.h" />
    <ClInclude Include="..\..\..\addons\ofxOpenCv\libs\opencv\include\opencv\cxcore.h" />
    <ClInclude Include="..\..\..\addons\ofxOpenCv\libs\opencv\include\opencv\cxcore.hpp" />
    <ClInclude Include="..\..\..\addons\ofxOpenCv\libs\opencv\include\opencv\cxeigen.hpp" />
    <ClInclude Include="..\..\..\addons\ofxOpenCv\libs\opencv\include\opencv\cxmisc.h" />
    <ClInclude Include="..\..\..\addons\ofxOpenCv\libs\opencv\include\opencv\highgui.h" />
    <ClInclude Include="..\..\..\addons\ofxOpenCv\libs\opencv\include\opencv\ml.h" />
    <ClInclude Include="..\..\..\addons\ofxOpenCv\libs\opencv\include\opencv2\calib3d\calib3d.hpp" />
    <ClInclude Include="..\..\..\addons\ofxOpenCv\libs\opencv\include\opencv2\contrib\contrib.hpp" />
    <ClInclude Include="..\..\..\addons\ofxOpenCv\libs\opencv\include\opencv2\contrib\retina.hpp" />
    <ClInclude Include="..\..\..\addons\ofxOpenCv\libs\opencv\include\opencv2\core\core.hpp" />
    <ClInclude Include="..\..\..\addons\ofxOpenCv\libs\opencv\include\opencv2\core\core_c.h" />
    <ClInclude Include="..\..\..\addons\ofxOpenCv\libs\opencv\include\opencv2\core\eigen.hpp" />
    <ClInclude Include="..\..\..\addons\ofxOpenCv\libs\opencv\include\opencv2\core\internal.hpp" />
    <ClInclude Include="..\..\..\addons\ofxOpenCv\libs\opencv\include\opencv2\core\mat.hpp" />
    <ClInclude Include="..\..\..\addons\ofxOpenCv\libs\opencv\include\opencv2\core\operations.hpp" />
    <ClInclude Include="..\..\..\addons\ofxOpenCv\libs\opencv\include\opencv2\core\types_c.h" />
    <ClInclude Include="..\..\..\addons\ofxOpenCv\libs\opencv\include\opencv2\core\version.hpp" />
    <ClInclude Include="..\..\..\addons\ofxOpenCv\libs\opencv\include\opencv2\core\wimage.hpp" />
    <ClInclude Include="..\..\..\addons\ofxOpenCv\libs\opencv\include\opencv2\features2d\features2d.hpp" />
    <ClInclude Include="..\..\..\addons\ofxOpenCv\libs\opencv\include\opencv2\flann\allocator.h" />
    <ClInclude Include="..\..\..\addons\ofxOpenCv\libs\opencv\include\opencv2\flann\all_indices.h" />
    <ClInclude Include="..\..\..\addons\ofxOpenCv\libs\opencv\include\opencv2\flann\any.h" />
    <ClInclude Include="..\..\..\addons\ofxOpenCv\libs\opencv\include\opencv2\flann\autotuned_index.h" />
    <ClInclude Include="..\..\..\addons\ofxOpenCv\libs\opencv\include\opencv2\flann\composite_index.h" />
    <ClInclude Include="..\..\..\addons\ofxOpenCv\libs\opencv\include\opencv2\flann\config.h" />
    <ClInclude Include="..\..\..\addons\ofxOpenCv\libs\opencv\include\opencv2\flann\defines.h" />
    <ClInclude Include="..\..\..\addons\ofxOpenCv\libs\opencv\include\opencv2\flann\dist.h" />
    <ClInclude Include="..\..\..\addons\ofxOpenCv\libs\opencv\include\opencv2\flann\dummy.h" />
    <ClInclude Include="..\..\..\addons\ofxOpenCv\libs\opencv\include\opencv2\flann\dynamic_bitset.h" />
    <ClInclude Include="..\..\..\addons\ofxOpenCv\libs\opencv\include\opencv2\flann\flann.hpp" />
    <ClInclude Include="..\..\..\addons\ofxOpenCv\libs\opencv\include\opencv2\flann\flann_base.hpp" />
    <ClInclude Include="..\..\..\addons\ofxOpenCv\libs\opencv\include\opencv2\flann\general.h" />
    <ClInclude Include="..\..\..\addons\ofxOpenCv\libs\opencv\include\opencv2\flann\ground_truth.h" />
    <ClInclude Include="..\..\..\addons\ofxOpenCv\libs\opencv\include\opencv2\flann\hdf5.h" />
    <ClInclude Include="..\..\..\addons\ofxOpenCv\libs\opencv\include\opencv2\flann\heap.h" />
    <ClInclude Include="..\..\..\addons\ofxOpenCv\libs\opencv\include\opencv2\flann\hierarchical_clustering_index.h" />
    <ClInclude Include="..\..\..\addons\ofxOpenCv\libs\opencv\include\opencv2\flann\index_testing.h" />
    <ClInclude Include="..\..\..\addons\ofxOpenCv\libs\opencv\include\opencv2\flann\kdtree_index.h" />
    <ClInclude Include="..\..\..\addons\ofxOpenCv\libs\opencv\include\opencv2\flann\kdtree_single_index.h" />
    <ClInclude Include="..\..\..\addons\ofxOpenCv\libs\opencv\include\opencv2\flann\kmeans_index.h" />
    <ClInclude Include="..\..\..\addons\ofxOpenCv\libs\opencv\include\opencv2\flann\linear_index.h" />
    <ClInclude Include="..\..\..\addons\ofxOpenCv\libs\opencv\include\opencv2\flann\logger.h" />
    <ClInclude Include="..\..\..\addons\ofxOpenCv\libs\opencv\include\opencv2\flann\lsh_index.h" />
    <ClInclude Include="..\..\..\addons\ofxOpenCv\libs\opencv\include\opencv2\flann\lsh_table.h" />
    <ClInclude Include="..\..\..\addons\ofxOpenCv\libs\opencv\include\opencv2\flann\matrix.h" />
    <ClInclude Include="..\..\..\addons\ofxOpenCv\libs\opencv\include\opencv2\flann\miniflann.hpp" />
    <ClInclude Include="..\..\..\addons\ofxOpenCv\libs\opencv\include\opencv2\flann\nn_index.h" />
    <ClInclude Include="..\..\..\addons\ofxOpenCv\libs\opencv\include\opencv2\flann\object_factory.h" />
    <ClInclude Include="..\..\..\addons\ofxOpenCv\libs\opencv\include\opencv2\flann\params.h" />
    <ClInclude Include="..\..\..\addons\ofxOpenCv\libs\opencv\include\opencv2\flann\random.h" />
    <ClInclude Include="..\..\..\addons\ofxOpenCv\libs\opencv\include\opencv2\flann\result_set.h" />
    <ClInclude Include="..\..\..\addons\ofxOpenCv\libs\opencv\include\opencv2\flann\sampling.h" />
    <ClInclude Include="..\..\..\addons\ofxOpenCv\libs\opencv\include\opencv2\flann\saving.h" />
    <ClInclude Include="..\..\..\addons\ofxOpenCv\libs\opencv\include\opencv2\flann\simplex_downhill.h" />
    <ClInclude Include="..\..\..\addons\ofxOpenCv\libs\opencv\include\opencv2\flann\timer.h" />
    <ClInclude Include="..\..\..\addons\ofxOpenCv\libs\opencv\include\opencv2\gpu\devmem2d.hpp" />
    <ClInclude Include="..\..\..\addons\ofxOpenCv\libs\opencv\include\opencv2\gpu\gpu.hpp" />
    <ClInclude Include="..\..\..\addons\ofxOpenCv\libs\opencv\include\opencv2\gpu\gpumat.hpp" />
    <ClInclude Include="..\..\..\addons\ofxOpenCv\libs\opencv\include\opencv2\gpu\matrix_operations.hpp" />
    <ClInclude Include="..\..\..\addons\ofxOpenCv\libs\opencv\include\opencv2\gpu\stream_accessor.hpp" />
    <ClInclude Include="..\..\..\addons\ofxOpenCv\libs\opencv\include\opencv2\highgui\highgui.hpp" />
    <ClInclude Include="..\..\..\addons\ofxOpenCv\libs\opencv\include\opencv2\highgui\highgui_c.h" />
    <ClInclude Include="..\..\..\addons\ofxOpenCv\libs\opencv\include\opencv2\imgproc\imgproc.hpp" />
    <ClInclude Include="..\..\..\addons\ofxOpenCv\libs\opencv\include\opencv2\imgproc\imgproc_c.h" />
    <ClInclude Include="..\..\..\addons\ofxOpenCv\libs\opencv\include\opencv2\imgproc\types_c.h" />
    <ClInclude Include="..\..\..\addons\ofxOpenCv\libs\opencv\include\opencv2\legacy\blobtrack.hpp" />
    <ClInclude Include="..\..\..\addons\ofxOpenCv\libs\opencv\include\opencv2\legacy\compat.hpp" />
    <ClInclude Include="..\..\..\addons\ofxOpenCv\libs\opencv\include\opencv2\legacy\legacy.hpp" />
    <ClInclude Include="..\..\..\addons\ofxOpenCv\libs\opencv\include\opencv2\legacy\streams.hpp" />
    <ClInclude Include="..\..\..\addons\ofxOpenCv\libs\opencv\include\opencv2\ml\ml.hpp" />
    <ClInclude Include="..\..\..\addons\ofxOpenCv\libs\opencv\include\opencv2\objdetect\objdetect.hpp" />
    <ClInclude Include="..\..\..\addons\ofxOpenCv\libs\opencv\include\opencv2\opencv.hpp" />
    <ClInclude Include="..\..\..\addons\ofxOpenCv\libs\opencv\include\opencv2\ts\ts.hpp" />
    <ClInclude Include="..\..\..\addons\ofxOpenCv\libs\opencv\include\opencv2\ts\ts_gtest.h" />
    <ClInclude Include="..\..\..\addons\ofxOpenCv\libs\opencv\include\opencv2\video\background_segm.hpp" />
    <ClInclude Include="..\..\..\addons\ofxOpenCv\libs\opencv\include\opencv2\video\tracking.hpp" />
    <ClInclude Include="..\..\..\addons\ofxOpenCv\libs\opencv\include\opencv2\video\video.hpp" />
    <ClInclude Include="lightHands.h" />
    <ClInclude Include="src\BirdParticle.h" />
    <ClInclude Include="src\GeoHands.h" />
    <ClInclude Include="src\GeoParticle.h" />
    <ClInclude Include="src\GeoScene.h" />
    <ClInclude Include="src\GridScene.h" />
    <ClInclude Include="src\HexagonParticle.h" />
    <ClInclude Include="src\IScene.h" />
    <ClInclude Include="src\KinectManager.h" />
    <ClInclude Include="src\Light.h" />
    <ClInclude Include="src\LightScene.h" />
    <ClInclude Include="src\OpenCVManager.h" />
    <ClInclude Include="src\Particle.h" />
    <ClInclude Include="src\ParticleMain.h" />
    <ClInclude Include="src\RainScene.h" />
    <ClInclude Include="src\ReactiveSpaceApp.h" />
    <ClInclude Include="src\RainCloudParticle.h" />
  </ItemGroup>
  <ItemGroup>
    <ResourceCompile Include="icon.rc" />
  </ItemGroup>
  <ItemGroup>
    <Image Include="..\..\..\..\..\Art\Level Final Designs\Grid\Grid - Background\GridBackground.png" />
  </ItemGroup>
</Project>